
Microsoft Visual Studio Solution File, Format Version 12.00
# Visual Studio Version 17
VisualStudioVersion = 17.0.31903.59
MinimumVisualStudioVersion = 10.0.40219.1
Project("{FAE04EC0-301F-11D3-BF4B-00C04F79EFBC}") = "luacompilerV1", "luacompilerV1.csproj", "{BD5F9015-967D-485A-A5C3-1EBCBBF39B9B}"
EndProject
Project("{9A19103F-16F7-4668-BE54-9A1E7A4F7556}") = "AppLogger", "C:\Users\noahr_yc0hivs\source\repos\AppLogger\AppLogger.csproj", "{EA3F715B-6779-4824-9AAA-1146BFD58733}"
EndProject
Global
	GlobalSection(SolutionConfigurationPlatforms) = preSolution
		Debug|Any CPU = Debug|Any CPU
		Release|Any CPU = Release|Any CPU
	EndGlobalSection
	GlobalSection(ProjectConfigurationPlatforms) = postSolution
		{BD5F9015-967D-485A-A5C3-1EBCBBF39B9B}.Debug|Any CPU.ActiveCfg = Debug|Any CPU
		{BD5F9015-967D-485A-A5C3-1EBCBBF39B9B}.Debug|Any CPU.Build.0 = Debug|Any CPU
		{BD5F9015-967D-485A-A5C3-1EBCBBF39B9B}.Release|Any CPU.ActiveCfg = Release|Any CPU
		{BD5F9015-967D-485A-A5C3-1EBCBBF39B9B}.Release|Any CPU.Build.0 = Release|Any CPU
		{EA3F715B-6779-4824-9AAA-1146BFD58733}.Debug|Any CPU.ActiveCfg = Debug|Any CPU
		{EA3F715B-6779-4824-9AAA-1146BFD58733}.Debug|Any CPU.Build.0 = Debug|Any CPU
		{EA3F715B-6779-4824-9AAA-1146BFD58733}.Release|Any CPU.ActiveCfg = Release|Any CPU
		{EA3F715B-6779-4824-9AAA-1146BFD58733}.Release|Any CPU.Build.0 = Release|Any CPU
	EndGlobalSection
	GlobalSection(SolutionProperties) = preSolution
		HideSolutionNode = FALSE
	EndGlobalSection
	GlobalSection(ExtensibilityGlobals) = postSolution
		SolutionGuid = {50BCF431-0E31-43CC-A63D-E1E29FAE5173}
	EndGlobalSection
EndGlobal
